
Microsoft Visual Studio Solution File, Format Version 12.00
# Visual Studio Version 17
VisualStudioVersion = 17.9.34723.18
MinimumVisualStudioVersion = 10.0.40219.1
Project("{FAE04EC0-301F-11D3-BF4B-00C04F79EFBC}") = "FileIOOpdracht", "FileIOOpdracht\FileIOOpdracht.csproj", "{422EE37D-D135-46F8-8F08-69EBE0A49E43}"
EndProject
Global
	GlobalSection(SolutionConfigurationPlatforms) = preSolution
		Debug|Any CPU = Debug|Any CPU
		Release|Any CPU = Release|Any CPU
	EndGlobalSection
	GlobalSection(ProjectConfigurationPlatforms) = postSolution
		{422EE37D-D135-46F8-8F08-69EBE0A49E43}.Debug|Any CPU.ActiveCfg = Debug|Any CPU
		{422EE37D-D135-46F8-8F08-69EBE0A49E43}.Debug|Any CPU.Build.0 = Debug|Any CPU
		{422EE37D-D135-46F8-8F08-69EBE0A49E43}.Release|Any CPU.ActiveCfg = Release|Any CPU
		{422EE37D-D135-46F8-8F08-69EBE0A49E43}.Release|Any CPU.Build.0 = Release|Any CPU
	EndGlobalSection
	GlobalSection(SolutionProperties) = preSolution
		HideSolutionNode = FALSE
	EndGlobalSection
	GlobalSection(ExtensibilityGlobals) = postSolution
		SolutionGuid = {8EC972B0-43C5-4E6A-A39F-1EE5784759DA}
	EndGlobalSection
EndGlobal
