
Microsoft Visual Studio Solution File, Format Version 12.00
# Visual Studio Version 17
VisualStudioVersion = 17.9.34723.18
MinimumVisualStudioVersion = 10.0.40219.1
Project("{FAE04EC0-301F-11D3-BF4B-00C04F79EFBC}") = "ListOpdracht", "ListOpdracht\ListOpdracht.csproj", "{4C0C1009-D0F7-4A4B-BC67-C4FAE14C9FCD}"
EndProject
Global
	GlobalSection(SolutionConfigurationPlatforms) = preSolution
		Debug|Any CPU = Debug|Any CPU
		Release|Any CPU = Release|Any CPU
	EndGlobalSection
	GlobalSection(ProjectConfigurationPlatforms) = postSolution
		{4C0C1009-D0F7-4A4B-BC67-C4FAE14C9FCD}.Debug|Any CPU.ActiveCfg = Debug|Any CPU
		{4C0C1009-D0F7-4A4B-BC67-C4FAE14C9FCD}.Debug|Any CPU.Build.0 = Debug|Any CPU
		{4C0C1009-D0F7-4A4B-BC67-C4FAE14C9FCD}.Release|Any CPU.ActiveCfg = Release|Any CPU
		{4C0C1009-D0F7-4A4B-BC67-C4FAE14C9FCD}.Release|Any CPU.Build.0 = Release|Any CPU
	EndGlobalSection
	GlobalSection(SolutionProperties) = preSolution
		HideSolutionNode = FALSE
	EndGlobalSection
	GlobalSection(ExtensibilityGlobals) = postSolution
		SolutionGuid = {58C3068C-A69C-4DA4-B5F5-2814B1A2C47D}
	EndGlobalSection
EndGlobal
